
Microsoft Visual Studio Solution File, Format Version 12.00
# Visual Studio Version 17
VisualStudioVersion = 17.10.35201.131
MinimumVisualStudioVersion = 10.0.40219.1
Project("{9A19103F-16F7-4668-BE54-9A1E7A4F7556}") = "WUrban.TestTask.Generator", "WUrban.TestTask.Generator\WUrban.TestTask.Generator.csproj", "{6B9E30EB-9FC3-480C-A91F-C8F90331A327}"
EndProject
Project("{FAE04EC0-301F-11D3-BF4B-00C04F79EFBC}") = "WUrban.TestTask.Sorter", "WUrban.TestTask.Sorter\WUrban.TestTask.Sorter.csproj", "{04C2532C-9DBC-4038-BEE5-587574855CD0}"
EndProject
Project("{FAE04EC0-301F-11D3-BF4B-00C04F79EFBC}") = "WUrban.TestTask.Contracts", "WUrban.TestTask.Contracts\WUrban.TestTask.Contracts.csproj", "{9149FB8F-7746-45F0-BE38-37544E03B61F}"
EndProject
Global
	GlobalSection(SolutionConfigurationPlatforms) = preSolution
		Debug|Any CPU = Debug|Any CPU
		Release|Any CPU = Release|Any CPU
	EndGlobalSection
	GlobalSection(ProjectConfigurationPlatforms) = postSolution
		{6B9E30EB-9FC3-480C-A91F-C8F90331A327}.Debug|Any CPU.ActiveCfg = Debug|Any CPU
		{6B9E30EB-9FC3-480C-A91F-C8F90331A327}.Debug|Any CPU.Build.0 = Debug|Any CPU
		{6B9E30EB-9FC3-480C-A91F-C8F90331A327}.Release|Any CPU.ActiveCfg = Release|Any CPU
		{6B9E30EB-9FC3-480C-A91F-C8F90331A327}.Release|Any CPU.Build.0 = Release|Any CPU
		{04C2532C-9DBC-4038-BEE5-587574855CD0}.Debug|Any CPU.ActiveCfg = Debug|Any CPU
		{04C2532C-9DBC-4038-BEE5-587574855CD0}.Debug|Any CPU.Build.0 = Debug|Any CPU
		{04C2532C-9DBC-4038-BEE5-587574855CD0}.Release|Any CPU.ActiveCfg = Release|Any CPU
		{04C2532C-9DBC-4038-BEE5-587574855CD0}.Release|Any CPU.Build.0 = Release|Any CPU
		{9149FB8F-7746-45F0-BE38-37544E03B61F}.Debug|Any CPU.ActiveCfg = Debug|Any CPU
		{9149FB8F-7746-45F0-BE38-37544E03B61F}.Debug|Any CPU.Build.0 = Debug|Any CPU
		{9149FB8F-7746-45F0-BE38-37544E03B61F}.Release|Any CPU.ActiveCfg = Release|Any CPU
		{9149FB8F-7746-45F0-BE38-37544E03B61F}.Release|Any CPU.Build.0 = Release|Any CPU
	EndGlobalSection
	GlobalSection(SolutionProperties) = preSolution
		HideSolutionNode = FALSE
	EndGlobalSection
	GlobalSection(ExtensibilityGlobals) = postSolution
		SolutionGuid = {B4D09C07-8232-4E92-95CE-899C550F0C5D}
	EndGlobalSection
EndGlobal
